
Microsoft Visual Studio Solution File, Format Version 12.00
# Visual Studio 15
VisualStudioVersion = 15.0.28307.902
MinimumVisualStudioVersion = 10.0.40219.1
Project("{FAE04EC0-301F-11D3-BF4B-00C04F79EFBC}") = "RadoslawKarbowiakLab6Zadanie", "RadoslawKarbowiakLab6Zadanie\RadoslawKarbowiakLab6Zadanie.csproj", "{4E214440-B47C-492C-B370-E8A881AEC04B}"
EndProject
Global
	GlobalSection(SolutionConfigurationPlatforms) = preSolution
		Debug|Any CPU = Debug|Any CPU
		Release|Any CPU = Release|Any CPU
	EndGlobalSection
	GlobalSection(ProjectConfigurationPlatforms) = postSolution
		{4E214440-B47C-492C-B370-E8A881AEC04B}.Debug|Any CPU.ActiveCfg = Debug|Any CPU
		{4E214440-B47C-492C-B370-E8A881AEC04B}.Debug|Any CPU.Build.0 = Debug|Any CPU
		{4E214440-B47C-492C-B370-E8A881AEC04B}.Release|Any CPU.ActiveCfg = Release|Any CPU
		{4E214440-B47C-492C-B370-E8A881AEC04B}.Release|Any CPU.Build.0 = Release|Any CPU
	EndGlobalSection
	GlobalSection(SolutionProperties) = preSolution
		HideSolutionNode = FALSE
	EndGlobalSection
	GlobalSection(ExtensibilityGlobals) = postSolution
		SolutionGuid = {520CBB82-5F53-48E1-A110-F224928D72FD}
	EndGlobalSection
EndGlobal
